lockfileVersion: '9.0'

settings:
  autoInstallPeers: true
  excludeLinksFromLockfile: false

importers:

  .:
    dependencies:
      xmldoc:
        specifier: 2.0.3
        version: 2.0.3

packages:

  sax@1.4.3:
    resolution: {integrity: sha512-yqYn1JhPczigF94DMS+shiDMjDowYO6y9+wB/4WgO0Y19jWYk0lQ4tuG5KI7kj4FTp1wxPj5IFfcrz/s1c3jjQ==}

  xmldoc@2.0.3:
    resolution: {integrity: sha512-6gRk4NY/Jvg67xn7OzJuxLRsGgiXBaPUQplVJ/9l99uIugxh4FTOewYz5ic8WScj7Xx/2WvhENiQKwkK9RpE4w==}
    engines: {node: '>=12.0.0'}

snapshots:

  sax@1.4.3: {}

  xmldoc@2.0.3:
    dependencies:
      sax: 1.4.3
